PODS:
  - iOS-Utils (1.6.2):
    - iOS-Utils/AlertController (= 1.6.2)
    - iOS-Utils/Designable (= 1.6.2)
    - iOS-Utils/Keyboard (= 1.6.2)
  - iOS-Utils/AlertController (1.6.2)
  - iOS-Utils/Designable (1.6.2)
  - iOS-Utils/Keyboard (1.6.2)
  - UIImageView-Letters (1.1.4)

DEPENDENCIES:
  - iOS-Utils (~> 1.6)
  - UIImageView-Letters (~> 1.1)

SPEC REPOS:
  trunk:
    - iOS-Utils
    - UIImageView-Letters

SPEC CHECKSUMS:
  iOS-Utils: 967a5bd519f2b4e9353837bef30bacad78cb4063
  UIImageView-Letters: f62db28076797adf3560ab7410647dc6899b9eef

PODFILE CHECKSUM: 9dbf3847ddf50d174916309f052ddf3fad2bd508

COCOAPODS: 1.11.2
