PODS:
  - Alamofire (5.4.3)
  - iOS-Utils (1.6.2):
    - iOS-Utils/AlertController (= 1.6.2)
    - iOS-Utils/Designable (= 1.6.2)
    - iOS-Utils/Keyboard (= 1.6.2)
  - iOS-Utils/AlertController (1.6.2)
  - iOS-Utils/Designable (1.6.2)
  - iOS-Utils/Keyboard (1.6.2)
  - SwiftyJSON (5.0.1)
  - UIImageView-Letters (1.1.4)

DEPENDENCIES:
  - Alamofire (~> 5.4)
  - iOS-Utils (~> 1.6)
  - SwiftyJSON (~> 5.0)
  - UIImageView-Letters (~> 1.1)

SPEC REPOS:
  trunk:
    - Alamofire
    - iOS-Utils
    - SwiftyJSON
    - UIImageView-Letters

SPEC CHECKSUMS:
  Alamofire: e447a2774a40c996748296fa2c55112fdbbc42f9
  iOS-Utils: 967a5bd519f2b4e9353837bef30bacad78cb4063
  SwiftyJSON: 2f33a42c6fbc52764d96f13368585094bfd8aa5e
  UIImageView-Letters: f62db28076797adf3560ab7410647dc6899b9eef

PODFILE CHECKSUM: 75378f8414e3dd976a248a6ca0689fae23a11e80

COCOAPODS: 1.10.1
