// !$*UTF8*$!
{
	archiveVersion = 1;
	classes = {
	};
	objectVersion = 50;
	objects = {

/* Begin PBXBuildFile section */
		3B4AD89C2670203500493D47 /* AppDelegate.swift in Sources */ = {isa = PBXBuildFile; fileRef = 3B4AD89B2670203500493D47 /* AppDelegate.swift */; };
		3B4AD89E2670203500493D47 /* SceneDelegate.swift in Sources */ = {isa = PBXBuildFile; fileRef = 3B4AD89D2670203500493D47 /* SceneDelegate.swift */; };
		3B4AD8A02670203500493D47 /* ViewController.swift in Sources */ = {isa = PBXBuildFile; fileRef = 3B4AD89F2670203500493D47 /* ViewController.swift */; };
		3B4AD8A32670203500493D47 /* Main.storyboard in Resources */ = {isa = PBXBuildFile; fileRef = 3B4AD8A12670203500493D47 /* Main.storyboard */; };
		3B4AD8A52670203700493D47 /* Assets.xcassets in Resources */ = {isa = PBXBuildFile; fileRef = 3B4AD8A42670203700493D47 /* Assets.xcassets */; };
		3B4AD8A82670203700493D47 /* LaunchScreen.storyboard in Resources */ = {isa = PBXBuildFile; fileRef = 3B4AD8A62670203700493D47 /* LaunchScreen.storyboard */; };
		3B4AD8B32670203800493D47 /* ContactsAppTests.swift in Sources */ = {isa = PBXBuildFile; fileRef = 3B4AD8B22670203800493D47 /* ContactsAppTests.swift */; };
		3B4AD8BE2670203800493D47 /* ContactsAppUITests.swift in Sources */ = {isa = PBXBuildFile; fileRef = 3B4AD8BD2670203800493D47 /* ContactsAppUITests.swift */; };
/* End PBXBuildFile section */

/* Begin PBXContainerItemProxy section */
		3B4AD8AF2670203800493D47 /* PBXContainerItemProxy */ = {
			isa = PBXContainerItemProxy;
			containerPortal = 3B4AD8902670203500493D47 /* Project object */;
			proxyType = 1;
			remoteGlobalIDString = 3B4AD8972670203500493D47;
			remoteInfo = ContactsApp;
		};
		3B4AD8BA2670203800493D47 /* PBXContainerItemProxy */ = {
			isa = PBXContainerItemProxy;
			containerPortal = 3B4AD8902670203500493D47 /* Project object */;
			proxyType = 1;
			remoteGlobalIDString = 3B4AD8972670203500493D47;
			remoteInfo = ContactsApp;
		};
/* End PBXContainerItemProxy section */

/* Begin PBXFileReference section */
		3B4AD8982670203500493D47 /* ContactsApp.app */ = {isa = PBXFileReference; explicitFileType = wrapper.application; includeInIndex = 0; path = ContactsApp.app; sourceTree = BUILT_PRODUCTS_DIR; };
		3B4AD89B2670203500493D47 /* AppDelegate.swift */ = {isa = PBXFileReference; lastKnownFileType = sourcecode.swift; path = AppDelegate.swift; sourceTree = "<group>"; };
		3B4AD89D2670203500493D47 /* SceneDelegate.swift */ = {isa = PBXFileReference; lastKnownFileType = sourcecode.swift; path = SceneDelegate.swift; sourceTree = "<group>"; };
		3B4AD89F2670203500493D47 /* ViewController.swift */ = {isa = PBXFileReference; lastKnownFileType = sourcecode.swift; path = ViewController.swift; sourceTree = "<group>"; };
		3B4AD8A22670203500493D47 /* Base */ = {isa = PBXFileReference; lastKnownFileType = file.storyboard; name = Base; path = Base.lproj/Main.storyboard; sourceTree = "<group>"; };
		3B4AD8A42670203700493D47 /* Assets.xcassets */ = {isa = PBXFileReference; lastKnownFileType = folder.assetcatalog; path = Assets.xcassets; sourceTree = "<group>"; };
		3B4AD8A72670203700493D47 /* Base */ = {isa = PBXFileReference; lastKnownFileType = file.storyboard; name = Base; path = Base.lproj/LaunchScreen.storyboard; sourceTree = "<group>"; };
		3B4AD8A92670203700493D47 /* Info.plist */ = {isa = PBXFileReference; lastKnownFileType = text.plist.xml; path = Info.plist; sourceTree = "<group>"; };
		3B4AD8AE2670203800493D47 /* ContactsAppTests.xctest */ = {isa = PBXFileReference; explicitFileType = wrapper.cfbundle; includeInIndex = 0; path = ContactsAppTests.xctest; sourceTree = BUILT_PRODUCTS_DIR; };
		3B4AD8B22670203800493D47 /* ContactsAppTests.swift */ = {isa = PBXFileReference; lastKnownFileType = sourcecode.swift; path = ContactsAppTests.swift; sourceTree = "<group>"; };
		3B4AD8B42670203800493D47 /* Info.plist */ = {isa = PBXFileReference; lastKnownFileType = text.plist.xml; path = Info.plist; sourceTree = "<group>"; };
		3B4AD8B92670203800493D47 /* ContactsAppUITests.xctest */ = {isa = PBXFileReference; explicitFileType = wrapper.cfbundle; includeInIndex = 0; path = ContactsAppUITests.xctest; sourceTree = BUILT_PRODUCTS_DIR; };
		3B4AD8BD2670203800493D47 /* ContactsAppUITests.swift */ = {isa = PBXFileReference; lastKnownFileType = sourcecode.swift; path = ContactsAppUITests.swift; sourceTree = "<group>"; };
		3B4AD8BF2670203800493D47 /* Info.plist */ = {isa = PBXFileReference; lastKnownFileType = text.plist.xml; path = Info.plist; sourceTree = "<group>"; };
/* End PBXFileReference section */

/* Begin PBXFrameworksBuildPhase section */
		3B4AD8952670203500493D47 /* Frameworks */ = {
			isa = PBXFrameworksBuildPhase;
			buildActionMask = 2147483647;
			files = (
			);
			runOnlyForDeploymentPostprocessing = 0;
		};
		3B4AD8AB2670203800493D47 /* Frameworks */ = {
			isa = PBXFrameworksBuildPhase;
			buildActionMask = 2147483647;
			files = (
			);
			runOnlyForDeploymentPostprocessing = 0;
		};
		3B4AD8B62670203800493D47 /* Frameworks */ = {
			isa = PBXFrameworksBuildPhase;
			buildActionMask = 2147483647;
			files = (
			);
			runOnlyForDeploymentPostprocessing = 0;
		};
/* End PBXFrameworksBuildPhase section */

/* Begin PBXGroup section */
		3B4AD88F2670203500493D47 = {
			isa = PBXGroup;
			children = (
				3B4AD89A2670203500493D47 /* ContactsApp */,
				3B4AD8B12670203800493D47 /* ContactsAppTests */,
				3B4AD8BC2670203800493D47 /* ContactsAppUITests */,
				3B4AD8992670203500493D47 /* Products */,
			);
			sourceTree = "<group>";
		};
		3B4AD8992670203500493D47 /* Products */ = {
			isa = PBXGroup;
			children = (
				3B4AD8982670203500493D47 /* ContactsApp.app */,
				3B4AD8AE2670203800493D47 /* ContactsAppTests.xctest */,
				3B4AD8B92670203800493D47 /* ContactsAppUITests.xctest */,
			);
			name = Products;
			sourceTree = "<group>";
		};
		3B4AD89A2670203500493D47 /* ContactsApp */ = {
			isa = PBXGroup;
			children = (
				3B4AD89B2670203500493D47 /* AppDelegate.swift */,
				3B4AD89D2670203500493D47 /* SceneDelegate.swift */,
				3B4AD89F2670203500493D47 /* ViewController.swift */,
				3B4AD8A12670203500493D47 /* Main.storyboard */,
				3B4AD8A42670203700493D47 /* Assets.xcassets */,
				3B4AD8A62670203700493D47 /* LaunchScreen.storyboard */,
				3B4AD8A92670203700493D47 /* Info.plist */,
			);
			path = ContactsApp;
			sourceTree = "<group>";
		};
		3B4AD8B12670203800493D47 /* ContactsAppTests */ = {
			isa = PBXGroup;
			children = (
				3B4AD8B22670203800493D47 /* ContactsAppTests.swift */,
				3B4AD8B42670203800493D47 /* Info.plist */,
			);
			path = ContactsAppTests;
			sourceTree = "<group>";
		};
		3B4AD8BC2670203800493D47 /* ContactsAppUITests */ = {
			isa = PBXGroup;
			children = (
				3B4AD8BD2670203800493D47 /* ContactsAppUITests.swift */,
				3B4AD8BF2670203800493D47 /* Info.plist */,
			);
			path = ContactsAppUITests;
			sourceTree = "<group>";
		};
/* End PBXGroup section */

/* Begin PBXNativeTarget section */
		3B4AD8972670203500493D47 /* ContactsApp */ = {
			isa = PBXNativeTarget;
			buildConfigurationList = 3B4AD8C22670203800493D47 /* Build configuration list for PBXNativeTarget "ContactsApp" */;
			buildPhases = (
				3B4AD8942670203500493D47 /* Sources */,
				3B4AD8952670203500493D47 /* Frameworks */,
				3B4AD8962670203500493D47 /* Resources */,
			);
			buildRules = (
			);
			dependencies = (
			);
			name = ContactsApp;
			productName = ContactsApp;
			productReference = 3B4AD8982670203500493D47 /* ContactsApp.app */;
			productType = "com.apple.product-type.application";
		};
		3B4AD8AD2670203800493D47 /* ContactsAppTests */ = {
			isa = PBXNativeTarget;
			buildConfigurationList = 3B4AD8C52670203800493D47 /* Build configuration list for PBXNativeTarget "ContactsAppTests" */;
			buildPhases = (
				3B4AD8AA2670203800493D47 /* Sources */,
				3B4AD8AB2670203800493D47 /* Frameworks */,
				3B4AD8AC2670203800493D47 /* Resources */,
			);
			buildRules = (
			);
			dependencies = (
				3B4AD8B02670203800493D47 /* PBXTargetDependency */,
			);
			name = ContactsAppTests;
			productName = ContactsAppTests;
			productReference = 3B4AD8AE2670203800493D47 /* ContactsAppTests.xctest */;
			productType = "com.apple.product-type.bundle.unit-test";
		};
		3B4AD8B82670203800493D47 /* ContactsAppUITests */ = {
			isa = PBXNativeTarget;
			buildConfigurationList = 3B4AD8C82670203800493D47 /* Build configuration list for PBXNativeTarget "ContactsAppUITests" */;
			buildPhases = (
				3B4AD8B52670203800493D47 /* Sources */,
				3B4AD8B62670203800493D47 /* Frameworks */,
				3B4AD8B72670203800493D47 /* Resources */,
			);
			buildRules = (
			);
			dependencies = (
				3B4AD8BB2670203800493D47 /* PBXTargetDependency */,
			);
			name = ContactsAppUITests;
			productName = ContactsAppUITests;
			productReference = 3B4AD8B92670203800493D47 /* ContactsAppUITests.xctest */;
			productType = "com.apple.product-type.bundle.ui-testing";
		};
/* End PBXNativeTarget section */

/* Begin PBXProject section */
		3B4AD8902670203500493D47 /* Project object */ = {
			isa = PBXProject;
			attributes = {
				LastSwiftUpdateCheck = 1250;
				LastUpgradeCheck = 1250;
				TargetAttributes = {
					3B4AD8972670203500493D47 = {
						CreatedOnToolsVersion = 12.5;
					};
					3B4AD8AD2670203800493D47 = {
						CreatedOnToolsVersion = 12.5;
						TestTargetID = 3B4AD8972670203500493D47;
					};
					3B4AD8B82670203800493D47 = {
						CreatedOnToolsVersion = 12.5;
						TestTargetID = 3B4AD8972670203500493D47;
					};
				};
			};
			buildConfigurationList = 3B4AD8932670203500493D47 /* Build configuration list for PBXProject "ContactsApp" */;
			compatibilityVersion = "Xcode 9.3";
			developmentRegion = en;
			hasScannedForEncodings = 0;
			knownRegions = (
				en,
				Base,
			);
			mainGroup = 3B4AD88F2670203500493D47;
			productRefGroup = 3B4AD8992670203500493D47 /* Products */;
			projectDirPath = "";
			projectRoot = "";
			targets = (
				3B4AD8972670203500493D47 /* ContactsApp */,
				3B4AD8AD2670203800493D47 /* ContactsAppTests */,
				3B4AD8B82670203800493D47 /* ContactsAppUITests */,
			);
		};
/* End PBXProject section */

/* Begin PBXResourcesBuildPhase section */
		3B4AD8962670203500493D47 /* Resources */ = {
			isa = PBXResourcesBuildPhase;
			buildActionMask = 2147483647;
			files = (
				3B4AD8A82670203700493D47 /* LaunchScreen.storyboard in Resources */,
				3B4AD8A52670203700493D47 /* Assets.xcassets in Resources */,
				3B4AD8A32670203500493D47 /* Main.storyboard in Resources */,
			);
			runOnlyForDeploymentPostprocessing = 0;
		};
		3B4AD8AC2670203800493D47 /* Resources */ = {
			isa = PBXResourcesBuildPhase;
			buildActionMask = 2147483647;
			files = (
			);
			runOnlyForDeploymentPostprocessing = 0;
		};
		3B4AD8B72670203800493D47 /* Resources */ = {
			isa = PBXResourcesBuildPhase;
			buildActionMask = 2147483647;
			files = (
			);
			runOnlyForDeploymentPostprocessing = 0;
		};
/* End PBXResourcesBuildPhase section */

/* Begin PBXSourcesBuildPhase section */
		3B4AD8942670203500493D47 /* Sources */ = {
			isa = PBXSourcesBuildPhase;
			buildActionMask = 2147483647;
			files = (
				3B4AD8A02670203500493D47 /* ViewController.swift in Sources */,
				3B4AD89C2670203500493D47 /* AppDelegate.swift in Sources */,
				3B4AD89E2670203500493D47 /* SceneDelegate.swift in Sources */,
			);
			runOnlyForDeploymentPostprocessing = 0;
		};
		3B4AD8AA2670203800493D47 /* Sources */ = {
			isa = PBXSourcesBuildPhase;
			buildActionMask = 2147483647;
			files = (
				3B4AD8B32670203800493D47 /* ContactsAppTests.swift in Sources */,
			);
			runOnlyForDeploymentPostprocessing = 0;
		};
		3B4AD8B52670203800493D47 /* Sources */ = {
			isa = PBXSourcesBuildPhase;
			buildActionMask = 2147483647;
			files = (
				3B4AD8BE2670203800493D47 /* ContactsAppUITests.swift in Sources */,
			);
			runOnlyForDeploymentPostprocessing = 0;
		};
/* End PBXSourcesBuildPhase section */

/* Begin PBXTargetDependency section */
		3B4AD8B02670203800493D47 /* PBXTargetDependency */ = {
			isa = PBXTargetDependency;
			target = 3B4AD8972670203500493D47 /* ContactsApp */;
			targetProxy = 3B4AD8AF2670203800493D47 /* PBXContainerItemProxy */;
		};
		3B4AD8BB2670203800493D47 /* PBXTargetDependency */ = {
			isa = PBXTargetDependency;
			target = 3B4AD8972670203500493D47 /* ContactsApp */;
			targetProxy = 3B4AD8BA2670203800493D47 /* PBXContainerItemProxy */;
		};
/* End PBXTargetDependency section */

/* Begin PBXVariantGroup section */
		3B4AD8A12670203500493D47 /* Main.storyboard */ = {
			isa = PBXVariantGroup;
			children = (
				3B4AD8A22670203500493D47 /* Base */,
			);
			name = Main.storyboard;
			sourceTree = "<group>";
		};
		3B4AD8A62670203700493D47 /* LaunchScreen.storyboard */ = {
			isa = PBXVariantGroup;
			children = (
				3B4AD8A72670203700493D47 /* Base */,
			);
			name = LaunchScreen.storyboard;
			sourceTree = "<group>";
		};
/* End PBXVariantGroup section */

/* Begin XCBuildConfiguration section */
		3B4AD8C02670203800493D47 /* Debug */ = {
			isa = XCBuildConfiguration;
			buildSettings = {
				ALWAYS_SEARCH_USER_PATHS = NO;
				CLANG_ANALYZER_NONNULL = YES;
				CLANG_ANALYZER_NUMBER_OBJECT_CONVERSION = YES_AGGRESSIVE;
				CLANG_CXX_LANGUAGE_STANDARD = "gnu++14";
				CLANG_CXX_LIBRARY = "libc++";
				CLANG_ENABLE_MODULES = YES;
				CLANG_ENABLE_OBJC_ARC = YES;
				CLANG_ENABLE_OBJC_WEAK = YES;
				CLANG_WARN_BLOCK_CAPTURE_AUTORELEASING = YES;
				CLANG_WARN_BOOL_CONVERSION = YES;
				CLANG_WARN_COMMA = YES;
				CLANG_WARN_CONSTANT_CONVERSION = YES;
				CLANG_WARN_DEPRECATED_OBJC_IMPLEMENTATIONS = YES;
				CLANG_WARN_DIRECT_OBJC_ISA_USAGE = YES_ERROR;
				CLANG_WARN_DOCUMENTATION_COMMENTS = YES;
				CLANG_WARN_EMPTY_BODY = YES;
				CLANG_WARN_ENUM_CONVERSION = YES;
				CLANG_WARN_INFINITE_RECURSION = YES;
				CLANG_WARN_INT_CONVERSION = YES;
				CLANG_WARN_NON_LITERAL_NULL_CONVERSION = YES;
				CLANG_WARN_OBJC_IMPLICIT_RETAIN_SELF = YES;
				CLANG_WARN_OBJC_LITERAL_CONVERSION = YES;
				CLANG_WARN_OBJC_ROOT_CLASS = YES_ERROR;
				CLANG_WARN_QUOTED_INCLUDE_IN_FRAMEWORK_HEADER = YES;
				CLANG_WARN_RANGE_LOOP_ANALYSIS = YES;
				CLANG_WARN_STRICT_PROTOTYPES = YES;
				CLANG_WARN_SUSPICIOUS_MOVE = YES;
				CLANG_WARN_UNGUARDED_AVAILABILITY = YES_AGGRESSIVE;
				CLANG_WARN_UNREACHABLE_CODE = YES;
				CLANG_WARN__DUPLICATE_METHOD_MATCH = YES;
				COPY_PHASE_STRIP = NO;
				DEBUG_INFORMATION_FORMAT = dwarf;
				ENABLE_STRICT_OBJC_MSGSEND = YES;
				ENABLE_TESTABILITY = YES;
				GCC_C_LANGUAGE_STANDARD = gnu11;
				GCC_DYNAMIC_NO_PIC = NO;
				GCC_NO_COMMON_BLOCKS = YES;
				GCC_OPTIMIZATION_LEVEL = 0;
				GCC_PREPROCESSOR_DEFINITIONS = (
					"DEBUG=1",
					"$(inherited)",
				);
				GCC_WARN_64_TO_32_BIT_CONVERSION = YES;
				GCC_WARN_ABOUT_RETURN_TYPE = YES_ERROR;
				GCC_WARN_UNDECLARED_SELECTOR = YES;
				GCC_WARN_UNINITIALIZED_AUTOS = YES_AGGRESSIVE;
				GCC_WARN_UNUSED_FUNCTION = YES;
				GCC_WARN_UNUSED_VARIABLE = YES;
				IPHONEOS_DEPLOYMENT_TARGET = 14.5;
				MTL_ENABLE_DEBUG_INFO = INCLUDE_SOURCE;
				MTL_FAST_MATH = YES;
				ONLY_ACTIVE_ARCH = YES;
				SDKROOT = iphoneos;
				SWIFT_ACTIVE_COMPILATION_CONDITIONS = DEBUG;
				SWIFT_OPTIMIZATION_LEVEL = "-Onone";
			};
			name = Debug;
		};
		3B4AD8C12670203800493D47 /* Release */ = {
			isa = XCBuildConfiguration;
			buildSettings = {
				ALWAYS_SEARCH_USER_PATHS = NO;
				CLANG_ANALYZER_NONNULL = YES;
				CLANG_ANALYZER_NUMBER_OBJECT_CONVERSION = YES_AGGRESSIVE;
				CLANG_CXX_LANGUAGE_STANDARD = "gnu++14";
				CLANG_CXX_LIBRARY = "libc++";
				CLANG_ENABLE_MODULES = YES;
				CLANG_ENABLE_OBJC_ARC = YES;
				CLANG_ENABLE_OBJC_WEAK = YES;
				CLANG_WARN_BLOCK_CAPTURE_AUTORELEASING = YES;
				CLANG_WARN_BOOL_CONVERSION = YES;
				CLANG_WARN_COMMA = YES;
				CLANG_WARN_CONSTANT_CONVERSION = YES;
				CLANG_WARN_DEPRECATED_OBJC_IMPLEMENTATIONS = YES;
				CLANG_WARN_DIRECT_OBJC_ISA_USAGE = YES_ERROR;
				CLANG_WARN_DOCUMENTATION_COMMENTS = YES;
				CLANG_WARN_EMPTY_BODY = YES;
				CLANG_WARN_ENUM_CONVERSION = YES;
				CLANG_WARN_INFINITE_RECURSION = YES;
				CLANG_WARN_INT_CONVERSION = YES;
				CLANG_WARN_NON_LITERAL_NULL_CONVERSION = YES;
				CLANG_WARN_OBJC_IMPLICIT_RETAIN_SELF = YES;
				CLANG_WARN_OBJC_LITERAL_CONVERSION = YES;
				CLANG_WARN_OBJC_ROOT_CLASS = YES_ERROR;
				CLANG_WARN_QUOTED_INCLUDE_IN_FRAMEWORK_HEADER = YES;
				CLANG_WARN_RANGE_LOOP_ANALYSIS = YES;
				CLANG_WARN_STRICT_PROTOTYPES = YES;
				CLANG_WARN_SUSPICIOUS_MOVE = YES;
				CLANG_WARN_UNGUARDED_AVAILABILITY = YES_AGGRESSIVE;
				CLANG_WARN_UNREACHABLE_CODE = YES;
				CLANG_WARN__DUPLICATE_METHOD_MATCH = YES;
				COPY_PHASE_STRIP = NO;
				DEBUG_INFORMATION_FORMAT = "dwarf-with-dsym";
				ENABLE_NS_ASSERTIONS = NO;
				ENABLE_STRICT_OBJC_MSGSEND = YES;
				GCC_C_LANGUAGE_STANDARD = gnu11;
				GCC_NO_COMMON_BLOCKS = YES;
				GCC_WARN_64_TO_32_BIT_CONVERSION = YES;
				GCC_WARN_ABOUT_RETURN_TYPE = YES_ERROR;
				GCC_WARN_UNDECLARED_SELECTOR = YES;
				GCC_WARN_UNINITIALIZED_AUTOS = YES_AGGRESSIVE;
				GCC_WARN_UNUSED_FUNCTION = YES;
				GCC_WARN_UNUSED_VARIABLE = YES;
				IPHONEOS_DEPLOYMENT_TARGET = 14.5;
				MTL_ENABLE_DEBUG_INFO = NO;
				MTL_FAST_MATH = YES;
				SDKROOT = iphoneos;
				SWIFT_COMPILATION_MODE = wholemodule;
				SWIFT_OPTIMIZATION_LEVEL = "-O";
				VALIDATE_PRODUCT = YES;
			};
			name = Release;
		};
		3B4AD8C32670203800493D47 /* Debug */ = {
			isa = XCBuildConfiguration;
			buildSettings = {
				ASSETCATALOG_COMPILER_APPICON_NAME = AppIcon;
				ASSETCATALOG_COMPILER_GLOBAL_ACCENT_COLOR_NAME = AccentColor;
				CODE_SIGN_STYLE = Automatic;
				DEVELOPMENT_TEAM = T42TWZQ3G9;
				INFOPLIST_FILE = ContactsApp/Info.plist;
				LD_RUNPATH_SEARCH_PATHS = (
					"$(inherited)",
					"@executable_path/Frameworks",
				);
				PRODUCT_BUNDLE_IDENTIFIER = com.bedi.ContactsApp;
				PRODUCT_NAME = "$(TARGET_NAME)";
				SWIFT_VERSION = 5.0;
				TARGETED_DEVICE_FAMILY = "1,2";
			};
			name = Debug;
		};
		3B4AD8C42670203800493D47 /* Release */ = {
			isa = XCBuildConfiguration;
			buildSettings = {
				ASSETCATALOG_COMPILER_APPICON_NAME = AppIcon;
				ASSETCATALOG_COMPILER_GLOBAL_ACCENT_COLOR_NAME = AccentColor;
				CODE_SIGN_STYLE = Automatic;
				DEVELOPMENT_TEAM = T42TWZQ3G9;
				INFOPLIST_FILE = ContactsApp/Info.plist;
				LD_RUNPATH_SEARCH_PATHS = (
					"$(inherited)",
					"@executable_path/Frameworks",
				);
				PRODUCT_BUNDLE_IDENTIFIER = com.bedi.ContactsApp;
				PRODUCT_NAME = "$(TARGET_NAME)";
				SWIFT_VERSION = 5.0;
				TARGETED_DEVICE_FAMILY = "1,2";
			};
			name = Release;
		};
		3B4AD8C62670203800493D47 /* Debug */ = {
			isa = XCBuildConfiguration;
			buildSettings = {
				ALWAYS_EMBED_SWIFT_STANDARD_LIBRARIES = YES;
				BUNDLE_LOADER = "$(TEST_HOST)";
				CODE_SIGN_STYLE = Automatic;
				DEVELOPMENT_TEAM = T42TWZQ3G9;
				INFOPLIST_FILE = ContactsAppTests/Info.plist;
				IPHONEOS_DEPLOYMENT_TARGET = 14.5;
				LD_RUNPATH_SEARCH_PATHS = (
					"$(inherited)",
					"@executable_path/Frameworks",
					"@loader_path/Frameworks",
				);
				PRODUCT_BUNDLE_IDENTIFIER = com.bedi.ContactsAppTests;
				PRODUCT_NAME = "$(TARGET_NAME)";
				SWIFT_VERSION = 5.0;
				TARGETED_DEVICE_FAMILY = "1,2";
				TEST_HOST = "$(BUILT_PRODUCTS_DIR)/ContactsApp.app/ContactsApp";
			};
			name = Debug;
		};
		3B4AD8C72670203800493D47 /* Release */ = {
			isa = XCBuildConfiguration;
			buildSettings = {
				ALWAYS_EMBED_SWIFT_STANDARD_LIBRARIES = YES;
				BUNDLE_LOADER = "$(TEST_HOST)";
				CODE_SIGN_STYLE = Automatic;
				DEVELOPMENT_TEAM = T42TWZQ3G9;
				INFOPLIST_FILE = ContactsAppTests/Info.plist;
				IPHONEOS_DEPLOYMENT_TARGET = 14.5;
				LD_RUNPATH_SEARCH_PATHS = (
					"$(inherited)",
					"@executable_path/Frameworks",
					"@loader_path/Frameworks",
				);
				PRODUCT_BUNDLE_IDENTIFIER = com.bedi.ContactsAppTests;
				PRODUCT_NAME = "$(TARGET_NAME)";
				SWIFT_VERSION = 5.0;
				TARGETED_DEVICE_FAMILY = "1,2";
				TEST_HOST = "$(BUILT_PRODUCTS_DIR)/ContactsApp.app/ContactsApp";
			};
			name = Release;
		};
		3B4AD8C92670203800493D47 /* Debug */ = {
			isa = XCBuildConfiguration;
			buildSettings = {
				ALWAYS_EMBED_SWIFT_STANDARD_LIBRARIES = YES;
				CODE_SIGN_STYLE = Automatic;
				DEVELOPMENT_TEAM = T42TWZQ3G9;
				INFOPLIST_FILE = ContactsAppUITests/Info.plist;
				LD_RUNPATH_SEARCH_PATHS = (
					"$(inherited)",
					"@executable_path/Frameworks",
					"@loader_path/Frameworks",
				);
				PRODUCT_BUNDLE_IDENTIFIER = com.bedi.ContactsAppUITests;
				PRODUCT_NAME = "$(TARGET_NAME)";
				SWIFT_VERSION = 5.0;
				TARGETED_DEVICE_FAMILY = "1,2";
				TEST_TARGET_NAME = ContactsApp;
			};
			name = Debug;
		};
		3B4AD8CA2670203800493D47 /* Release */ = {
			isa = XCBuildConfiguration;
			buildSettings = {
				ALWAYS_EMBED_SWIFT_STANDARD_LIBRARIES = YES;
				CODE_SIGN_STYLE = Automatic;
				DEVELOPMENT_TEAM = T42TWZQ3G9;
				INFOPLIST_FILE = ContactsAppUITests/Info.plist;
				LD_RUNPATH_SEARCH_PATHS = (
					"$(inherited)",
					"@executable_path/Frameworks",
					"@loader_path/Frameworks",
				);
				PRODUCT_BUNDLE_IDENTIFIER = com.bedi.ContactsAppUITests;
				PRODUCT_NAME = "$(TARGET_NAME)";
				SWIFT_VERSION = 5.0;
				TARGETED_DEVICE_FAMILY = "1,2";
				TEST_TARGET_NAME = ContactsApp;
			};
			name = Release;
		};
/* End XCBuildConfiguration section */

/* Begin XCConfigurationList section */
		3B4AD8932670203500493D47 /* Build configuration list for PBXProject "ContactsApp" */ = {
			isa = XCConfigurationList;
			buildConfigurations = (
				3B4AD8C02670203800493D47 /* Debug */,
				3B4AD8C12670203800493D47 /* Release */,
			);
			defaultConfigurationIsVisible = 0;
			defaultConfigurationName = Release;
		};
		3B4AD8C22670203800493D47 /* Build configuration list for PBXNativeTarget "ContactsApp" */ = {
			isa = XCConfigurationList;
			buildConfigurations = (
				3B4AD8C32670203800493D47 /* Debug */,
				3B4AD8C42670203800493D47 /* Release */,
			);
			defaultConfigurationIsVisible = 0;
			defaultConfigurationName = Release;
		};
		3B4AD8C52670203800493D47 /* Build configuration list for PBXNativeTarget "ContactsAppTests" */ = {
			isa = XCConfigurationList;
			buildConfigurations = (
				3B4AD8C62670203800493D47 /* Debug */,
				3B4AD8C72670203800493D47 /* Release */,
			);
			defaultConfigurationIsVisible = 0;
			defaultConfigurationName = Release;
		};
		3B4AD8C82670203800493D47 /* Build configuration list for PBXNativeTarget "ContactsAppUITests" */ = {
			isa = XCConfigurationList;
			buildConfigurations = (
				3B4AD8C92670203800493D47 /* Debug */,
				3B4AD8CA2670203800493D47 /* Release */,
			);
			defaultConfigurationIsVisible = 0;
			defaultConfigurationName = Release;
		};
/* End XCConfigurationList section */
	};
	rootObject = 3B4AD8902670203500493D47 /* Project object */;
}
